
Microsoft Visual Studio Solution File, Format Version 10.00
# Visual Studio 2008
Project("{FAE04EC0-301F-11D3-BF4B-00C04F79EFBC}") = "VolumeHotkey", "VolumeHotkey\VolumeHotkey.csproj", "{8926FF3F-F6CC-4990-A112-40EF6B62D4BE}"
	ProjectSection(ProjectDependencies) = postProject
		{9F1076AA-63DF-4128-9C10-FD65E425C783} = {9F1076AA-63DF-4128-9C10-FD65E425C783}
	EndProjectSection
EndProject
Project("{FAE04EC0-301F-11D3-BF4B-00C04F79EFBC}") = "WaveLibMixer", "WaveLibMixer\WaveLibMixer.csproj", "{6F3FA628-01C6-48AF-9D1A-9BB1EAF8D259}"
EndProject
Project("{FAE04EC0-301F-11D3-BF4B-00C04F79EFBC}") = "CoreAudioApi", "CoreAudioApi\CoreAudioApi.csproj", "{9F1076AA-63DF-4128-9C10-FD65E425C783}"
EndProject
Global
	GlobalSection(SolutionConfigurationPlatforms) = preSolution
		Debug|Any CPU = Debug|Any CPU
		Debug|x86 = Debug|x86
		Release|Any CPU = Release|Any CPU
		Release|x86 = Release|x86
	EndGlobalSection
	GlobalSection(ProjectConfigurationPlatforms) = postSolution
		{8926FF3F-F6CC-4990-A112-40EF6B62D4BE}.Debug|Any CPU.ActiveCfg = Debug|Any CPU
		{8926FF3F-F6CC-4990-A112-40EF6B62D4BE}.Debug|Any CPU.Build.0 = Debug|Any CPU
		{8926FF3F-F6CC-4990-A112-40EF6B62D4BE}.Debug|x86.ActiveCfg = Debug|Any CPU
		{8926FF3F-F6CC-4990-A112-40EF6B62D4BE}.Release|Any CPU.ActiveCfg = Release|Any CPU
		{8926FF3F-F6CC-4990-A112-40EF6B62D4BE}.Release|Any CPU.Build.0 = Release|Any CPU
		{8926FF3F-F6CC-4990-A112-40EF6B62D4BE}.Release|x86.ActiveCfg = Release|Any CPU
		{6F3FA628-01C6-48AF-9D1A-9BB1EAF8D259}.Debug|Any CPU.ActiveCfg = Debug|Any CPU
		{6F3FA628-01C6-48AF-9D1A-9BB1EAF8D259}.Debug|Any CPU.Build.0 = Debug|Any CPU
		{6F3FA628-01C6-48AF-9D1A-9BB1EAF8D259}.Debug|x86.ActiveCfg = Debug|Any CPU
		{6F3FA628-01C6-48AF-9D1A-9BB1EAF8D259}.Release|Any CPU.ActiveCfg = Release|Any CPU
		{6F3FA628-01C6-48AF-9D1A-9BB1EAF8D259}.Release|Any CPU.Build.0 = Release|Any CPU
		{6F3FA628-01C6-48AF-9D1A-9BB1EAF8D259}.Release|x86.ActiveCfg = Release|Any CPU
		{9F1076AA-63DF-4128-9C10-FD65E425C783}.Debug|Any CPU.ActiveCfg = Debug|Any CPU
		{9F1076AA-63DF-4128-9C10-FD65E425C783}.Debug|Any CPU.Build.0 = Debug|Any CPU
		{9F1076AA-63DF-4128-9C10-FD65E425C783}.Debug|x86.ActiveCfg = Debug|x86
		{9F1076AA-63DF-4128-9C10-FD65E425C783}.Debug|x86.Build.0 = Debug|x86
		{9F1076AA-63DF-4128-9C10-FD65E425C783}.Release|Any CPU.ActiveCfg = Release|Any CPU
		{9F1076AA-63DF-4128-9C10-FD65E425C783}.Release|Any CPU.Build.0 = Release|Any CPU
		{9F1076AA-63DF-4128-9C10-FD65E425C783}.Release|x86.ActiveCfg = Release|x86
		{9F1076AA-63DF-4128-9C10-FD65E425C783}.Release|x86.Build.0 = Release|x86
	EndGlobalSection
	GlobalSection(SolutionProperties) = preSolution
		HideSolutionNode = FALSE
	EndGlobalSection
EndGlobal
